
Microsoft Visual Studio Solution File, Format Version 12.00
# Visual Studio Version 16
VisualStudioVersion = 16.0.31005.135
MinimumVisualStudioVersion = 10.0.40219.1
Project("{8BC9CEB8-8B4A-11D0-8D11-00A0C91BC942}") = "C5.2", "C5.2\C5.2.vcxproj", "{376BDD90-4CB1-44CF-BE58-719D60933EA8}"
EndProject
Global
	GlobalSection(SolutionConfigurationPlatforms) = preSolution
		Debug|x64 = Debug|x64
		Debug|x86 = Debug|x86
		Release|x64 = Release|x64
		Release|x86 = Release|x86
	EndGlobalSection
	GlobalSection(ProjectConfigurationPlatforms) = postSolution
		{376BDD90-4CB1-44CF-BE58-719D60933EA8}.Debug|x64.ActiveCfg = Debug|x64
		{376BDD90-4CB1-44CF-BE58-719D60933EA8}.Debug|x64.Build.0 = Debug|x64
		{376BDD90-4CB1-44CF-BE58-719D60933EA8}.Debug|x86.ActiveCfg = Debug|Win32
		{376BDD90-4CB1-44CF-BE58-719D60933EA8}.Debug|x86.Build.0 = Debug|Win32
		{376BDD90-4CB1-44CF-BE58-719D60933EA8}.Release|x64.ActiveCfg = Release|x64
		{376BDD90-4CB1-44CF-BE58-719D60933EA8}.Release|x64.Build.0 = Release|x64
		{376BDD90-4CB1-44CF-BE58-719D60933EA8}.Release|x86.ActiveCfg = Release|Win32
		{376BDD90-4CB1-44CF-BE58-719D60933EA8}.Release|x86.Build.0 = Release|Win32
	EndGlobalSection
	GlobalSection(SolutionProperties) = preSolution
		HideSolutionNode = FALSE
	EndGlobalSection
	GlobalSection(ExtensibilityGlobals) = postSolution
		SolutionGuid = {E1C53C38-4C9C-4C09-80F9-F40CAE94EF89}
	EndGlobalSection
EndGlobal
